Microsoft Visual Studio Solution File, Format Version 12.00
# Visual Studio Version 17
VisualStudioVersion = 17.0.31903.59
MinimumVisualStudioVersion = 10.0.40219.1
Project("{FAE04EC0-301F-11D3-BF4B-00C04F79EFBC}") = "WardogsRadio.Core", "src\WardogsRadio.Core\WardogsRadio.Core.csproj", "{0A0B0C01-1010-4010-8010-000000000001}"
EndProject
Project("{FAE04EC0-301F-11D3-BF4B-00C04F79EFBC}") = "WardogsRadio.Playback", "src\WardogsRadio.Playback\WardogsRadio.Playback.csproj", "{0A0B0C02-1010-4010-8010-000000000002}"
EndProject
Project("{FAE04EC0-301F-11D3-BF4B-00C04F79EFBC}") = "WardogsRadio.Voicemeeter", "src\WardogsRadio.Voicemeeter\WardogsRadio.Voicemeeter.csproj", "{0A0B0C03-1010-4010-8010-000000000003}"
EndProject
Project("{FAE04EC0-301F-11D3-BF4B-00C04F79EFBC}") = "WardogsRadio.Input", "src\WardogsRadio.Input\WardogsRadio.Input.csproj", "{0A0B0C04-1010-4010-8010-000000000004}"
EndProject
Project("{FAE04EC0-301F-11D3-BF4B-00C04F79EFBC}") = "WardogsRadio.Diagnostics", "src\WardogsRadio.Diagnostics\WardogsRadio.Diagnostics.csproj", "{0A0B0C05-1010-4010-8010-000000000005}"
EndProject
Project("{FAE04EC0-301F-11D3-BF4B-00C04F79EFBC}") = "WardogsRadio.App", "src\WardogsRadio.App\WardogsRadio.App.csproj", "{0A0B0C06-1010-4010-8010-000000000006}"
EndProject
Project("{FAE04EC0-301F-11D3-BF4B-00C04F79EFBC}") = "WardogsRadio.Update", "src\WardogsRadio.Update\WardogsRadio.Update.csproj", "{0A0B0C08-1010-4010-8010-000000000008}"
EndProject
Project("{FAE04EC0-301F-11D3-BF4B-00C04F79EFBC}") = "WardogsRadio.Launcher", "src\WardogsRadio.Launcher\WardogsRadio.Launcher.csproj", "{0A0B0C09-1010-4010-8010-000000000009}"
EndProject
Project("{FAE04EC0-301F-11D3-BF4B-00C04F79EFBC}") = "WardogsRadio.UpdateAgent", "src\WardogsRadio.UpdateAgent\WardogsRadio.UpdateAgent.csproj", "{0A0B0C10-1010-4010-8010-000000000010}"
EndProject
Project("{FAE04EC0-301F-11D3-BF4B-00C04F79EFBC}") = "WardogsRadio.Core.Tests", "tests\WardogsRadio.Core.Tests\WardogsRadio.Core.Tests.csproj", "{0A0B0C07-1010-4010-8010-000000000007}"
EndProject
Project("{FAE04EC0-301F-11D3-BF4B-00C04F79EFBC}") = "WardogsRadio.App.Tests", "tests\WardogsRadio.App.Tests\WardogsRadio.App.Tests.csproj", "{F486F477-BA36-4D07-B7B7-03C3870BFF94}"
EndProject
Global
  GlobalSection(SolutionConfigurationPlatforms) = preSolution
    Debug|Any CPU = Debug|Any CPU
    Release|Any CPU = Release|Any CPU
  EndGlobalSection
  GlobalSection(ProjectConfigurationPlatforms) = postSolution
    {0A0B0C01-1010-4010-8010-000000000001}.Debug|Any CPU.ActiveCfg = Debug|Any CPU
    {0A0B0C01-1010-4010-8010-000000000001}.Debug|Any CPU.Build.0 = Debug|Any CPU
    {0A0B0C01-1010-4010-8010-000000000001}.Release|Any CPU.ActiveCfg = Release|Any CPU
    {0A0B0C01-1010-4010-8010-000000000001}.Release|Any CPU.Build.0 = Release|Any CPU
    {0A0B0C02-1010-4010-8010-000000000002}.Debug|Any CPU.ActiveCfg = Debug|Any CPU
    {0A0B0C02-1010-4010-8010-000000000002}.Debug|Any CPU.Build.0 = Debug|Any CPU
    {0A0B0C02-1010-4010-8010-000000000002}.Release|Any CPU.ActiveCfg = Release|Any CPU
    {0A0B0C02-1010-4010-8010-000000000002}.Release|Any CPU.Build.0 = Release|Any CPU
    {0A0B0C03-1010-4010-8010-000000000003}.Debug|Any CPU.ActiveCfg = Debug|Any CPU
    {0A0B0C03-1010-4010-8010-000000000003}.Debug|Any CPU.Build.0 = Debug|Any CPU
    {0A0B0C03-1010-4010-8010-000000000003}.Release|Any CPU.ActiveCfg = Release|Any CPU
    {0A0B0C03-1010-4010-8010-000000000003}.Release|Any CPU.Build.0 = Release|Any CPU
    {0A0B0C04-1010-4010-8010-000000000004}.Debug|Any CPU.ActiveCfg = Debug|Any CPU
    {0A0B0C04-1010-4010-8010-000000000004}.Debug|Any CPU.Build.0 = Debug|Any CPU
    {0A0B0C04-1010-4010-8010-000000000004}.Release|Any CPU.ActiveCfg = Release|Any CPU
    {0A0B0C04-1010-4010-8010-000000000004}.Release|Any CPU.Build.0 = Release|Any CPU
    {0A0B0C05-1010-4010-8010-000000000005}.Debug|Any CPU.ActiveCfg = Debug|Any CPU
    {0A0B0C05-1010-4010-8010-000000000005}.Debug|Any CPU.Build.0 = Debug|Any CPU
    {0A0B0C05-1010-4010-8010-000000000005}.Release|Any CPU.ActiveCfg = Release|Any CPU
    {0A0B0C05-1010-4010-8010-000000000005}.Release|Any CPU.Build.0 = Release|Any CPU
    {0A0B0C06-1010-4010-8010-000000000006}.Debug|Any CPU.ActiveCfg = Debug|Any CPU
    {0A0B0C06-1010-4010-8010-000000000006}.Debug|Any CPU.Build.0 = Debug|Any CPU
    {0A0B0C06-1010-4010-8010-000000000006}.Release|Any CPU.ActiveCfg = Release|Any CPU
    {0A0B0C06-1010-4010-8010-000000000006}.Release|Any CPU.Build.0 = Release|Any CPU
    {0A0B0C07-1010-4010-8010-000000000007}.Debug|Any CPU.ActiveCfg = Debug|Any CPU
    {0A0B0C07-1010-4010-8010-000000000007}.Debug|Any CPU.Build.0 = Debug|Any CPU
    {0A0B0C07-1010-4010-8010-000000000007}.Release|Any CPU.ActiveCfg = Release|Any CPU
    {0A0B0C07-1010-4010-8010-000000000007}.Release|Any CPU.Build.0 = Release|Any CPU
    {0A0B0C08-1010-4010-8010-000000000008}.Debug|Any CPU.ActiveCfg = Debug|Any CPU
    {0A0B0C08-1010-4010-8010-000000000008}.Debug|Any CPU.Build.0 = Debug|Any CPU
    {0A0B0C08-1010-4010-8010-000000000008}.Release|Any CPU.ActiveCfg = Release|Any CPU
    {0A0B0C08-1010-4010-8010-000000000008}.Release|Any CPU.Build.0 = Release|Any CPU
    {0A0B0C09-1010-4010-8010-000000000009}.Debug|Any CPU.ActiveCfg = Debug|Any CPU
    {0A0B0C09-1010-4010-8010-000000000009}.Debug|Any CPU.Build.0 = Debug|Any CPU
    {0A0B0C09-1010-4010-8010-000000000009}.Release|Any CPU.ActiveCfg = Release|Any CPU
    {0A0B0C09-1010-4010-8010-000000000009}.Release|Any CPU.Build.0 = Release|Any CPU
    {0A0B0C10-1010-4010-8010-000000000010}.Debug|Any CPU.ActiveCfg = Debug|Any CPU
    {0A0B0C10-1010-4010-8010-000000000010}.Debug|Any CPU.Build.0 = Debug|Any CPU
    {0A0B0C10-1010-4010-8010-000000000010}.Release|Any CPU.ActiveCfg = Release|Any CPU
    {0A0B0C10-1010-4010-8010-000000000010}.Release|Any CPU.Build.0 = Release|Any CPU
    {F486F477-BA36-4D07-B7B7-03C3870BFF94}.Debug|Any CPU.ActiveCfg = Debug|Any CPU
    {F486F477-BA36-4D07-B7B7-03C3870BFF94}.Debug|Any CPU.Build.0 = Debug|Any CPU
    {F486F477-BA36-4D07-B7B7-03C3870BFF94}.Release|Any CPU.ActiveCfg = Release|Any CPU
    {F486F477-BA36-4D07-B7B7-03C3870BFF94}.Release|Any CPU.Build.0 = Release|Any CPU
  EndGlobalSection
EndGlobal
